// !$*UTF8*$!
{
	archiveVersion = 1;
	classes = {
	};
	objectVersion = 56;
	objects = {

/* Begin PBXBuildFile section */
		DA0CFE0D2BFDD77F00E164C8 /* RoundedProgressView.swift in Sources */ = {isa = PBXBuildFile; fileRef = DA0CFE0C2BFDD77F00E164C8 /* RoundedProgressView.swift */; };
		DA1917722BF7651B00A169EC /* UIImageView+.swift in Sources */ = {isa = PBXBuildFile; fileRef = DA1917712BF7651B00A169EC /* UIImageView+.swift */; };
		DA371E9F2BF8795500E48DAF /* UIKitPlus.framework in Frameworks */ = {isa = PBXBuildFile; fileRef = DA6904B32B85E31200FB2019 /* UIKitPlus.framework */; };
		DA371EA32BF9D98E00E48DAF /* UIEdgeInsets+.swift in Sources */ = {isa = PBXBuildFile; fileRef = DA371EA22BF9D98E00E48DAF /* UIEdgeInsets+.swift */; };
		DA3C58C42B90E8DC002F5243 /* UIFont+.swift in Sources */ = {isa = PBXBuildFile; fileRef = DA3C58C12B90E8DC002F5243 /* UIFont+.swift */; };
		DA3C58C52B90E8DC002F5243 /* UIButton+.swift in Sources */ = {isa = PBXBuildFile; fileRef = DA3C58C22B90E8DC002F5243 /* UIButton+.swift */; };
		DA3C58C62B90E8DC002F5243 /* UITableView+.swift in Sources */ = {isa = PBXBuildFile; fileRef = DA3C58C32B90E8DC002F5243 /* UITableView+.swift */; };
		DA6904C92B85E3AF00FB2019 /* UIKitPlus.swift in Sources */ = {isa = PBXBuildFile; fileRef = DA6904C62B85E3AF00FB2019 /* UIKitPlus.swift */; };
		DA6904CB2B85E3AF00FB2019 /* HapticGenerator.swift in Sources */ = {isa = PBXBuildFile; fileRef = DA6904C82B85E3AF00FB2019 /* HapticGenerator.swift */; };
		DA6904DF2B85E73B00FB2019 /* UIKitPlusTests.swift in Sources */ = {isa = PBXBuildFile; fileRef = DA6904DC2B85E72700FB2019 /* UIKitPlusTests.swift */; };
		DAAA618C2BF7B33D00706850 /* 100_100px.png in Resources */ = {isa = PBXBuildFile; fileRef = DAAA618A2BF7B33C00706850 /* 100_100px.png */; };
		DAAA618E2BF877E300706850 /* UIImageViewTests.swift in Sources */ = {isa = PBXBuildFile; fileRef = DAAA618D2BF877E300706850 /* UIImageViewTests.swift */; };
		DAD1EFC82BD62B0800ECBA94 /* PaddingLabel.swift in Sources */ = {isa = PBXBuildFile; fileRef = DAD1EFC72BD62B0800ECBA94 /* PaddingLabel.swift */; };
		DAF40F252BE533BF006E6827 /* ReuseIdentifying.swift in Sources */ = {isa = PBXBuildFile; fileRef = DAF40F242BE533BF006E6827 /* ReuseIdentifying.swift */; };
		DAF40F272BE53583006E6827 /* ReuseIdentifyingTests.swift in Sources */ = {isa = PBXBuildFile; fileRef = DAF40F262BE53583006E6827 /* ReuseIdentifyingTests.swift */; };
		DAF40F292BE5368E006E6827 /* UICollectionView+.swift in Sources */ = {isa = PBXBuildFile; fileRef = DAF40F282BE5368E006E6827 /* UICollectionView+.swift */; };
/* End PBXBuildFile section */

/* Begin PBXContainerItemProxy section */
		DA268A2D2B873F5E00CEFFC4 /* PBXContainerItemProxy */ = {
			isa = PBXContainerItemProxy;
			containerPortal = DA6904AA2B85E31200FB2019 /* Project object */;
			proxyType = 1;
			remoteGlobalIDString = DA6904B22B85E31200FB2019;
			remoteInfo = UIKitPlus;
		};
/* End PBXContainerItemProxy section */

/* Begin PBXFileReference section */
		DA0CFE0C2BFDD77F00E164C8 /* RoundedProgressView.swift */ = {isa = PBXFileReference; lastKnownFileType = sourcecode.swift; path = RoundedProgressView.swift; sourceTree = "<group>"; };
		DA1917712BF7651B00A169EC /* UIImageView+.swift */ = {isa = PBXFileReference; lastKnownFileType = sourcecode.swift; path = "UIImageView+.swift"; sourceTree = "<group>"; };
		DA371EA22BF9D98E00E48DAF /* UIEdgeInsets+.swift */ = {isa = PBXFileReference; lastKnownFileType = sourcecode.swift; path = "UIEdgeInsets+.swift"; sourceTree = "<group>"; };
		DA3C58C12B90E8DC002F5243 /* UIFont+.swift */ = {isa = PBXFileReference; fileEncoding = 4; lastKnownFileType = sourcecode.swift; path = "UIFont+.swift"; sourceTree = "<group>"; };
		DA3C58C22B90E8DC002F5243 /* UIButton+.swift */ = {isa = PBXFileReference; fileEncoding = 4; lastKnownFileType = sourcecode.swift; path = "UIButton+.swift"; sourceTree = "<group>"; };
		DA3C58C32B90E8DC002F5243 /* UITableView+.swift */ = {isa = PBXFileReference; fileEncoding = 4; lastKnownFileType = sourcecode.swift; path = "UITableView+.swift"; sourceTree = "<group>"; };
		DA6904B32B85E31200FB2019 /* UIKitPlus.framework */ = {isa = PBXFileReference; explicitFileType = wrapper.framework; includeInIndex = 0; path = UIKitPlus.framework; sourceTree = BUILT_PRODUCTS_DIR; };
		DA6904C62B85E3AF00FB2019 /* UIKitPlus.swift */ = {isa = PBXFileReference; fileEncoding = 4; lastKnownFileType = sourcecode.swift; path = UIKitPlus.swift; sourceTree = "<group>"; };
		DA6904C82B85E3AF00FB2019 /* HapticGenerator.swift */ = {isa = PBXFileReference; fileEncoding = 4; lastKnownFileType = sourcecode.swift; path = HapticGenerator.swift; sourceTree = "<group>"; };
		DA6904D12B85E4F300FB2019 /* UIKitPlusTests.xctest */ = {isa = PBXFileReference; explicitFileType = wrapper.cfbundle; includeInIndex = 0; path = UIKitPlusTests.xctest; sourceTree = BUILT_PRODUCTS_DIR; };
		DA6904DC2B85E72700FB2019 /* UIKitPlusTests.swift */ = {isa = PBXFileReference; fileEncoding = 4; lastKnownFileType = sourcecode.swift; path = UIKitPlusTests.swift; sourceTree = "<group>"; };
		DAAA618A2BF7B33C00706850 /* 100_100px.png */ = {isa = PBXFileReference; lastKnownFileType = image.png; path = 100_100px.png; sourceTree = "<group>"; };
		DAAA618D2BF877E300706850 /* UIImageViewTests.swift */ = {isa = PBXFileReference; lastKnownFileType = sourcecode.swift; path = UIImageViewTests.swift; sourceTree = "<group>"; };
		DAD1EFC72BD62B0800ECBA94 /* PaddingLabel.swift */ = {isa = PBXFileReference; fileEncoding = 4; lastKnownFileType = sourcecode.swift; path = PaddingLabel.swift; sourceTree = "<group>"; };
		DAF40F242BE533BF006E6827 /* ReuseIdentifying.swift */ = {isa = PBXFileReference; lastKnownFileType = sourcecode.swift; path = ReuseIdentifying.swift; sourceTree = "<group>"; };
		DAF40F262BE53583006E6827 /* ReuseIdentifyingTests.swift */ = {isa = PBXFileReference; lastKnownFileType = sourcecode.swift; path = ReuseIdentifyingTests.swift; sourceTree = "<group>"; };
		DAF40F282BE5368E006E6827 /* UICollectionView+.swift */ = {isa = PBXFileReference; lastKnownFileType = sourcecode.swift; path = "UICollectionView+.swift"; sourceTree = "<group>"; };
/* End PBXFileReference section */

/* Begin PBXFrameworksBuildPhase section */
		DA6904B02B85E31200FB2019 /* Frameworks */ = {
			isa = PBXFrameworksBuildPhase;
			buildActionMask = 2147483647;
			files = (
			);
			runOnlyForDeploymentPostprocessing = 0;
		};
		DA6904CE2B85E4F300FB2019 /* Frameworks */ = {
			isa = PBXFrameworksBuildPhase;
			buildActionMask = 2147483647;
			files = (
				DA371E9F2BF8795500E48DAF /* UIKitPlus.framework in Frameworks */,
			);
			runOnlyForDeploymentPostprocessing = 0;
		};
/* End PBXFrameworksBuildPhase section */

/* Begin PBXGroup section */
		DA371E9E2BF8795500E48DAF /* Frameworks */ = {
			isa = PBXGroup;
			children = (
			);
			name = Frameworks;
			sourceTree = "<group>";
		};
		DA3C58C02B90E8DC002F5243 /* Extensions */ = {
			isa = PBXGroup;
			children = (
				DA3C58C12B90E8DC002F5243 /* UIFont+.swift */,
				DA3C58C22B90E8DC002F5243 /* UIButton+.swift */,
				DA3C58C32B90E8DC002F5243 /* UITableView+.swift */,
				DAF40F282BE5368E006E6827 /* UICollectionView+.swift */,
				DA1917712BF7651B00A169EC /* UIImageView+.swift */,
				DA371EA22BF9D98E00E48DAF /* UIEdgeInsets+.swift */,
			);
			path = Extensions;
			sourceTree = "<group>";
		};
		DA6904A92B85E31200FB2019 = {
			isa = PBXGroup;
			children = (
				DA6904B52B85E31300FB2019 /* UIKitPlus */,
				DA6904D22B85E4F400FB2019 /* Tests */,
				DA6904B42B85E31200FB2019 /* Products */,
				DA371E9E2BF8795500E48DAF /* Frameworks */,
			);
			sourceTree = "<group>";
		};
		DA6904B42B85E31200FB2019 /* Products */ = {
			isa = PBXGroup;
			children = (
				DA6904B32B85E31200FB2019 /* UIKitPlus.framework */,
				DA6904D12B85E4F300FB2019 /* UIKitPlusTests.xctest */,
			);
			name = Products;
			sourceTree = "<group>";
		};
		DA6904B52B85E31300FB2019 /* UIKitPlus */ = {
			isa = PBXGroup;
			children = (
				DA3C58C02B90E8DC002F5243 /* Extensions */,
				DA6904C82B85E3AF00FB2019 /* HapticGenerator.swift */,
				DAD1EFC72BD62B0800ECBA94 /* PaddingLabel.swift */,
				DA6904C62B85E3AF00FB2019 /* UIKitPlus.swift */,
				DAF40F242BE533BF006E6827 /* ReuseIdentifying.swift */,
				DA0CFE0C2BFDD77F00E164C8 /* RoundedProgressView.swift */,
			);
			name = UIKitPlus;
			path = Sources/UIKitPlus;
			sourceTree = "<group>";
		};
		DA6904D22B85E4F400FB2019 /* Tests */ = {
			isa = PBXGroup;
			children = (
				DA6904DB2B85E72700FB2019 /* UIKitPlusTests */,
			);
			path = Tests;
			sourceTree = "<group>";
		};
		DA6904DB2B85E72700FB2019 /* UIKitPlusTests */ = {
			isa = PBXGroup;
			children = (
				DAAA618B2BF7B33C00706850 /* Resources */,
				DA6904DC2B85E72700FB2019 /* UIKitPlusTests.swift */,
				DAF40F262BE53583006E6827 /* ReuseIdentifyingTests.swift */,
				DAAA618D2BF877E300706850 /* UIImageViewTests.swift */,
			);
			path = UIKitPlusTests;
			sourceTree = "<group>";
		};
		DAAA618B2BF7B33C00706850 /* Resources */ = {
			isa = PBXGroup;
			children = (
				DAAA618A2BF7B33C00706850 /* 100_100px.png */,
			);
			path = Resources;
			sourceTree = "<group>";
		};
/* End PBXGroup section */

/* Begin PBXHeadersBuildPhase section */
		DA6904AE2B85E31200FB2019 /* Headers */ = {
			isa = PBXHeadersBuildPhase;
			buildActionMask = 2147483647;
			files = (
			);
			runOnlyForDeploymentPostprocessing = 0;
		};
/* End PBXHeadersBuildPhase section */

/* Begin PBXNativeTarget section */
		DA6904B22B85E31200FB2019 /* UIKitPlus */ = {
			isa = PBXNativeTarget;
			buildConfigurationList = DA6904BA2B85E31300FB2019 /* Build configuration list for PBXNativeTarget "UIKitPlus" */;
			buildPhases = (
				DA6904AE2B85E31200FB2019 /* Headers */,
				DA6904AF2B85E31200FB2019 /* Sources */,
				DA6904B02B85E31200FB2019 /* Frameworks */,
				DA6904B12B85E31200FB2019 /* Resources */,
			);
			buildRules = (
			);
			dependencies = (
			);
			name = UIKitPlus;
			productName = UIKitPlus;
			productReference = DA6904B32B85E31200FB2019 /* UIKitPlus.framework */;
			productType = "com.apple.product-type.framework";
		};
		DA6904D02B85E4F300FB2019 /* UIKitPlusTests */ = {
			isa = PBXNativeTarget;
			buildConfigurationList = DA6904DA2B85E4F400FB2019 /* Build configuration list for PBXNativeTarget "UIKitPlusTests" */;
			buildPhases = (
				DA6904CD2B85E4F300FB2019 /* Sources */,
				DA6904CE2B85E4F300FB2019 /* Frameworks */,
				DA6904CF2B85E4F300FB2019 /* Resources */,
			);
			buildRules = (
			);
			dependencies = (
				DA268A2E2B873F5E00CEFFC4 /* PBXTargetDependency */,
			);
			name = UIKitPlusTests;
			productName = Tests;
			productReference = DA6904D12B85E4F300FB2019 /* UIKitPlusTests.xctest */;
			productType = "com.apple.product-type.bundle.unit-test";
		};
/* End PBXNativeTarget section */

/* Begin PBXProject section */
		DA6904AA2B85E31200FB2019 /* Project object */ = {
			isa = PBXProject;
			attributes = {
				BuildIndependentTargetsInParallel = 1;
				LastSwiftUpdateCheck = 1500;
				LastUpgradeCheck = 1500;
				TargetAttributes = {
					DA6904B22B85E31200FB2019 = {
						CreatedOnToolsVersion = 15.0;
						LastSwiftMigration = 1500;
					};
					DA6904D02B85E4F300FB2019 = {
						CreatedOnToolsVersion = 15.0;
					};
				};
			};
			buildConfigurationList = DA6904AD2B85E31200FB2019 /* Build configuration list for PBXProject "UIKitPlus" */;
			compatibilityVersion = "Xcode 14.0";
			developmentRegion = en;
			hasScannedForEncodings = 0;
			knownRegions = (
				en,
				Base,
			);
			mainGroup = DA6904A92B85E31200FB2019;
			productRefGroup = DA6904B42B85E31200FB2019 /* Products */;
			projectDirPath = "";
			projectRoot = "";
			targets = (
				DA6904B22B85E31200FB2019 /* UIKitPlus */,
				DA6904D02B85E4F300FB2019 /* UIKitPlusTests */,
			);
		};
/* End PBXProject section */

/* Begin PBXResourcesBuildPhase section */
		DA6904B12B85E31200FB2019 /* Resources */ = {
			isa = PBXResourcesBuildPhase;
			buildActionMask = 2147483647;
			files = (
			);
			runOnlyForDeploymentPostprocessing = 0;
		};
		DA6904CF2B85E4F300FB2019 /* Resources */ = {
			isa = PBXResourcesBuildPhase;
			buildActionMask = 2147483647;
			files = (
				DAAA618C2BF7B33D00706850 /* 100_100px.png in Resources */,
			);
			runOnlyForDeploymentPostprocessing = 0;
		};
/* End PBXResourcesBuildPhase section */

/* Begin PBXSourcesBuildPhase section */
		DA6904AF2B85E31200FB2019 /* Sources */ = {
			isa = PBXSourcesBuildPhase;
			buildActionMask = 2147483647;
			files = (
				DA371EA32BF9D98E00E48DAF /* UIEdgeInsets+.swift in Sources */,
				DA1917722BF7651B00A169EC /* UIImageView+.swift in Sources */,
				DAF40F252BE533BF006E6827 /* ReuseIdentifying.swift in Sources */,
				DAD1EFC82BD62B0800ECBA94 /* PaddingLabel.swift in Sources */,
				DAF40F292BE5368E006E6827 /* UICollectionView+.swift in Sources */,
				DA6904C92B85E3AF00FB2019 /* UIKitPlus.swift in Sources */,
				DA3C58C42B90E8DC002F5243 /* UIFont+.swift in Sources */,
				DA6904CB2B85E3AF00FB2019 /* HapticGenerator.swift in Sources */,
				DA0CFE0D2BFDD77F00E164C8 /* RoundedProgressView.swift in Sources */,
				DA3C58C62B90E8DC002F5243 /* UITableView+.swift in Sources */,
				DA3C58C52B90E8DC002F5243 /* UIButton+.swift in Sources */,
			);
			runOnlyForDeploymentPostprocessing = 0;
		};
		DA6904CD2B85E4F300FB2019 /* Sources */ = {
			isa = PBXSourcesBuildPhase;
			buildActionMask = 2147483647;
			files = (
				DAAA618E2BF877E300706850 /* UIImageViewTests.swift in Sources */,
				DA6904DF2B85E73B00FB2019 /* UIKitPlusTests.swift in Sources */,
				DAF40F272BE53583006E6827 /* ReuseIdentifyingTests.swift in Sources */,
			);
			runOnlyForDeploymentPostprocessing = 0;
		};
/* End PBXSourcesBuildPhase section */

/* Begin PBXTargetDependency section */
		DA268A2E2B873F5E00CEFFC4 /* PBXTargetDependency */ = {
			isa = PBXTargetDependency;
			target = DA6904B22B85E31200FB2019 /* UIKitPlus */;
			targetProxy = DA268A2D2B873F5E00CEFFC4 /* PBXContainerItemProxy */;
		};
/* End PBXTargetDependency section */

/* Begin XCBuildConfiguration section */
		DA6904B82B85E31300FB2019 /* Debug */ = {
			isa = XCBuildConfiguration;
			buildSettings = {
				ALWAYS_SEARCH_USER_PATHS = NO;
				ASSETCATALOG_COMPILER_GENERATE_SWIFT_ASSET_SYMBOL_EXTENSIONS = YES;
				CLANG_ANALYZER_NONNULL = YES;
				CLANG_ANALYZER_NUMBER_OBJECT_CONVERSION = YES_AGGRESSIVE;
				CLANG_CXX_LANGUAGE_STANDARD = "gnu++20";
				CLANG_ENABLE_MODULES = YES;
				CLANG_ENABLE_OBJC_ARC = YES;
				CLANG_ENABLE_OBJC_WEAK = YES;
				CLANG_WARN_BLOCK_CAPTURE_AUTORELEASING = YES;
				CLANG_WARN_BOOL_CONVERSION = YES;
				CLANG_WARN_COMMA = YES;
				CLANG_WARN_CONSTANT_CONVERSION = YES;
				CLANG_WARN_DEPRECATED_OBJC_IMPLEMENTATIONS = YES;
				CLANG_WARN_DIRECT_OBJC_ISA_USAGE = YES_ERROR;
				CLANG_WARN_DOCUMENTATION_COMMENTS = YES;
				CLANG_WARN_EMPTY_BODY = YES;
				CLANG_WARN_ENUM_CONVERSION = YES;
				CLANG_WARN_INFINITE_RECURSION = YES;
				CLANG_WARN_INT_CONVERSION = YES;
				CLANG_WARN_NON_LITERAL_NULL_CONVERSION = YES;
				CLANG_WARN_OBJC_IMPLICIT_RETAIN_SELF = YES;
				CLANG_WARN_OBJC_LITERAL_CONVERSION = YES;
				CLANG_WARN_OBJC_ROOT_CLASS = YES_ERROR;
				CLANG_WARN_QUOTED_INCLUDE_IN_FRAMEWORK_HEADER = YES;
				CLANG_WARN_RANGE_LOOP_ANALYSIS = YES;
				CLANG_WARN_STRICT_PROTOTYPES = YES;
				CLANG_WARN_SUSPICIOUS_MOVE = YES;
				CLANG_WARN_UNGUARDED_AVAILABILITY = YES_AGGRESSIVE;
				CLANG_WARN_UNREACHABLE_CODE = YES;
				CLANG_WARN__DUPLICATE_METHOD_MATCH = YES;
				COPY_PHASE_STRIP = NO;
				CURRENT_PROJECT_VERSION = 1;
				DEBUG_INFORMATION_FORMAT = dwarf;
				ENABLE_STRICT_OBJC_MSGSEND = YES;
				ENABLE_TESTABILITY = YES;
				ENABLE_USER_SCRIPT_SANDBOXING = YES;
				GCC_C_LANGUAGE_STANDARD = gnu17;
				GCC_DYNAMIC_NO_PIC = NO;
				GCC_NO_COMMON_BLOCKS = YES;
				GCC_OPTIMIZATION_LEVEL = 0;
				GCC_PREPROCESSOR_DEFINITIONS = (
					"DEBUG=1",
					"$(inherited)",
				);
				GCC_WARN_64_TO_32_BIT_CONVERSION = YES;
				GCC_WARN_ABOUT_RETURN_TYPE = YES_ERROR;
				GCC_WARN_UNDECLARED_SELECTOR = YES;
				GCC_WARN_UNINITIALIZED_AUTOS = YES_AGGRESSIVE;
				GCC_WARN_UNUSED_FUNCTION = YES;
				GCC_WARN_UNUSED_VARIABLE = YES;
				IPHONEOS_DEPLOYMENT_TARGET = 17.0;
				LOCALIZATION_PREFERS_STRING_CATALOGS = YES;
				MTL_ENABLE_DEBUG_INFO = INCLUDE_SOURCE;
				MTL_FAST_MATH = YES;
				ONLY_ACTIVE_ARCH = YES;
				SDKROOT = iphoneos;
				SWIFT_ACTIVE_COMPILATION_CONDITIONS = "DEBUG $(inherited)";
				SWIFT_OPTIMIZATION_LEVEL = "-Onone";
				VERSIONING_SYSTEM = "apple-generic";
				VERSION_INFO_PREFIX = "";
			};
			name = Debug;
		};
		DA6904B92B85E31300FB2019 /* Release */ = {
			isa = XCBuildConfiguration;
			buildSettings = {
				ALWAYS_SEARCH_USER_PATHS = NO;
				ASSETCATALOG_COMPILER_GENERATE_SWIFT_ASSET_SYMBOL_EXTENSIONS = YES;
				CLANG_ANALYZER_NONNULL = YES;
				CLANG_ANALYZER_NUMBER_OBJECT_CONVERSION = YES_AGGRESSIVE;
				CLANG_CXX_LANGUAGE_STANDARD = "gnu++20";
				CLANG_ENABLE_MODULES = YES;
				CLANG_ENABLE_OBJC_ARC = YES;
				CLANG_ENABLE_OBJC_WEAK = YES;
				CLANG_WARN_BLOCK_CAPTURE_AUTORELEASING = YES;
				CLANG_WARN_BOOL_CONVERSION = YES;
				CLANG_WARN_COMMA = YES;
				CLANG_WARN_CONSTANT_CONVERSION = YES;
				CLANG_WARN_DEPRECATED_OBJC_IMPLEMENTATIONS = YES;
				CLANG_WARN_DIRECT_OBJC_ISA_USAGE = YES_ERROR;
				CLANG_WARN_DOCUMENTATION_COMMENTS = YES;
				CLANG_WARN_EMPTY_BODY = YES;
				CLANG_WARN_ENUM_CONVERSION = YES;
				CLANG_WARN_INFINITE_RECURSION = YES;
				CLANG_WARN_INT_CONVERSION = YES;
				CLANG_WARN_NON_LITERAL_NULL_CONVERSION = YES;
				CLANG_WARN_OBJC_IMPLICIT_RETAIN_SELF = YES;
				CLANG_WARN_OBJC_LITERAL_CONVERSION = YES;
				CLANG_WARN_OBJC_ROOT_CLASS = YES_ERROR;
				CLANG_WARN_QUOTED_INCLUDE_IN_FRAMEWORK_HEADER = YES;
				CLANG_WARN_RANGE_LOOP_ANALYSIS = YES;
				CLANG_WARN_STRICT_PROTOTYPES = YES;
				CLANG_WARN_SUSPICIOUS_MOVE = YES;
				CLANG_WARN_UNGUARDED_AVAILABILITY = YES_AGGRESSIVE;
				CLANG_WARN_UNREACHABLE_CODE = YES;
				CLANG_WARN__DUPLICATE_METHOD_MATCH = YES;
				COPY_PHASE_STRIP = NO;
				CURRENT_PROJECT_VERSION = 1;
				DEBUG_INFORMATION_FORMAT = "dwarf-with-dsym";
				ENABLE_NS_ASSERTIONS = NO;
				ENABLE_STRICT_OBJC_MSGSEND = YES;
				ENABLE_USER_SCRIPT_SANDBOXING = YES;
				GCC_C_LANGUAGE_STANDARD = gnu17;
				GCC_NO_COMMON_BLOCKS = YES;
				GCC_WARN_64_TO_32_BIT_CONVERSION = YES;
				GCC_WARN_ABOUT_RETURN_TYPE = YES_ERROR;
				GCC_WARN_UNDECLARED_SELECTOR = YES;
				GCC_WARN_UNINITIALIZED_AUTOS = YES_AGGRESSIVE;
				GCC_WARN_UNUSED_FUNCTION = YES;
				GCC_WARN_UNUSED_VARIABLE = YES;
				IPHONEOS_DEPLOYMENT_TARGET = 17.0;
				LOCALIZATION_PREFERS_STRING_CATALOGS = YES;
				MTL_ENABLE_DEBUG_INFO = NO;
				MTL_FAST_MATH = YES;
				SDKROOT = iphoneos;
				SWIFT_COMPILATION_MODE = wholemodule;
				VALIDATE_PRODUCT = YES;
				VERSIONING_SYSTEM = "apple-generic";
				VERSION_INFO_PREFIX = "";
			};
			name = Release;
		};
		DA6904BB2B85E31300FB2019 /* Debug */ = {
			isa = XCBuildConfiguration;
			buildSettings = {
				CLANG_ENABLE_MODULES = YES;
				CODE_SIGN_STYLE = Automatic;
				CURRENT_PROJECT_VERSION = 1;
				DEFINES_MODULE = YES;
				DEVELOPMENT_TEAM = 2AVC8X7323;
				DYLIB_COMPATIBILITY_VERSION = 1;
				DYLIB_CURRENT_VERSION = 1;
				DYLIB_INSTALL_NAME_BASE = "@rpath";
				ENABLE_MODULE_VERIFIER = YES;
				GENERATE_INFOPLIST_FILE = YES;
				INFOPLIST_KEY_NSHumanReadableCopyright = "";
				INSTALL_PATH = "$(LOCAL_LIBRARY_DIR)/Frameworks";
				IPHONEOS_DEPLOYMENT_TARGET = 12.0;
				LD_RUNPATH_SEARCH_PATHS = (
					"$(inherited)",
					"@executable_path/Frameworks",
					"@loader_path/Frameworks",
				);
				MARKETING_VERSION = 1.0;
				MODULE_VERIFIER_SUPPORTED_LANGUAGES = "objective-c objective-c++";
				MODULE_VERIFIER_SUPPORTED_LANGUAGE_STANDARDS = "gnu17 gnu++20";
				PRODUCT_BUNDLE_IDENTIFIER = com.woin2ee.UIKitPlus;
				PRODUCT_NAME = "$(TARGET_NAME:c99extidentifier)";
				SKIP_INSTALL = YES;
				SUPPORTED_PLATFORMS = "iphoneos iphonesimulator macosx";
				SUPPORTS_MACCATALYST = YES;
				SUPPORTS_MAC_DESIGNED_FOR_IPHONE_IPAD = NO;
				SWIFT_EMIT_LOC_STRINGS = YES;
				SWIFT_OPTIMIZATION_LEVEL = "-Onone";
				SWIFT_VERSION = 5.0;
				TARGETED_DEVICE_FAMILY = "1,2";
			};
			name = Debug;
		};
		DA6904BC2B85E31300FB2019 /* Release */ = {
			isa = XCBuildConfiguration;
			buildSettings = {
				CLANG_ENABLE_MODULES = YES;
				CODE_SIGN_STYLE = Automatic;
				CURRENT_PROJECT_VERSION = 1;
				DEFINES_MODULE = YES;
				DEVELOPMENT_TEAM = 2AVC8X7323;
				DYLIB_COMPATIBILITY_VERSION = 1;
				DYLIB_CURRENT_VERSION = 1;
				DYLIB_INSTALL_NAME_BASE = "@rpath";
				ENABLE_MODULE_VERIFIER = YES;
				GENERATE_INFOPLIST_FILE = YES;
				INFOPLIST_KEY_NSHumanReadableCopyright = "";
				INSTALL_PATH = "$(LOCAL_LIBRARY_DIR)/Frameworks";
				IPHONEOS_DEPLOYMENT_TARGET = 12.0;
				LD_RUNPATH_SEARCH_PATHS = (
					"$(inherited)",
					"@executable_path/Frameworks",
					"@loader_path/Frameworks",
				);
				MARKETING_VERSION = 1.0;
				MODULE_VERIFIER_SUPPORTED_LANGUAGES = "objective-c objective-c++";
				MODULE_VERIFIER_SUPPORTED_LANGUAGE_STANDARDS = "gnu17 gnu++20";
				PRODUCT_BUNDLE_IDENTIFIER = com.woin2ee.UIKitPlus;
				PRODUCT_NAME = "$(TARGET_NAME:c99extidentifier)";
				SKIP_INSTALL = YES;
				SUPPORTED_PLATFORMS = "iphoneos iphonesimulator macosx";
				SUPPORTS_MACCATALYST = YES;
				SUPPORTS_MAC_DESIGNED_FOR_IPHONE_IPAD = NO;
				SWIFT_EMIT_LOC_STRINGS = YES;
				SWIFT_VERSION = 5.0;
				TARGETED_DEVICE_FAMILY = "1,2";
			};
			name = Release;
		};
		DA6904D82B85E4F400FB2019 /* Debug */ = {
			isa = XCBuildConfiguration;
			buildSettings = {
				CODE_SIGN_STYLE = Automatic;
				CURRENT_PROJECT_VERSION = 1;
				DEVELOPMENT_TEAM = 2AVC8X7323;
				GENERATE_INFOPLIST_FILE = YES;
				IPHONEOS_DEPLOYMENT_TARGET = 17.0;
				MARKETING_VERSION = 1.0;
				PRODUCT_BUNDLE_IDENTIFIER = com.woin2ee.Tests;
				PRODUCT_NAME = "$(TARGET_NAME)";
				SUPPORTED_PLATFORMS = "iphoneos iphonesimulator";
				SUPPORTS_MACCATALYST = YES;
				SWIFT_EMIT_LOC_STRINGS = NO;
				SWIFT_VERSION = 5.0;
				TARGETED_DEVICE_FAMILY = "1,2";
			};
			name = Debug;
		};
		DA6904D92B85E4F400FB2019 /* Release */ = {
			isa = XCBuildConfiguration;
			buildSettings = {
				CODE_SIGN_STYLE = Automatic;
				CURRENT_PROJECT_VERSION = 1;
				DEVELOPMENT_TEAM = 2AVC8X7323;
				GENERATE_INFOPLIST_FILE = YES;
				IPHONEOS_DEPLOYMENT_TARGET = 17.0;
				MARKETING_VERSION = 1.0;
				PRODUCT_BUNDLE_IDENTIFIER = com.woin2ee.Tests;
				PRODUCT_NAME = "$(TARGET_NAME)";
				SUPPORTED_PLATFORMS = "iphoneos iphonesimulator";
				SUPPORTS_MACCATALYST = YES;
				SWIFT_EMIT_LOC_STRINGS = NO;
				SWIFT_VERSION = 5.0;
				TARGETED_DEVICE_FAMILY = "1,2";
			};
			name = Release;
		};
/* End XCBuildConfiguration section */

/* Begin XCConfigurationList section */
		DA6904AD2B85E31200FB2019 /* Build configuration list for PBXProject "UIKitPlus" */ = {
			isa = XCConfigurationList;
			buildConfigurations = (
				DA6904B82B85E31300FB2019 /* Debug */,
				DA6904B92B85E31300FB2019 /* Release */,
			);
			defaultConfigurationIsVisible = 0;
			defaultConfigurationName = Release;
		};
		DA6904BA2B85E31300FB2019 /* Build configuration list for PBXNativeTarget "UIKitPlus" */ = {
			isa = XCConfigurationList;
			buildConfigurations = (
				DA6904BB2B85E31300FB2019 /* Debug */,
				DA6904BC2B85E31300FB2019 /* Release */,
			);
			defaultConfigurationIsVisible = 0;
			defaultConfigurationName = Release;
		};
		DA6904DA2B85E4F400FB2019 /* Build configuration list for PBXNativeTarget "UIKitPlusTests" */ = {
			isa = XCConfigurationList;
			buildConfigurations = (
				DA6904D82B85E4F400FB2019 /* Debug */,
				DA6904D92B85E4F400FB2019 /* Release */,
			);
			defaultConfigurationIsVisible = 0;
			defaultConfigurationName = Release;
		};
/* End XCConfigurationList section */
	};
	rootObject = DA6904AA2B85E31200FB2019 /* Project object */;
}
